
Microsoft Visual Studio Solution File, Format Version 12.00
# Visual Studio 14
VisualStudioVersion = 14.0.25420.1
MinimumVisualStudioVersion = 10.0.40219.1
Project("{FAE04EC0-301F-11D3-BF4B-00C04F79EFBC}") = "ParentChildManagementCodeFirstProject", "ParentChildManagementCodeFirstProject\ParentChildManagementCodeFirstProject.csproj", "{3786A894-6F54-4F38-8BC0-0C0C6F369DA5}"
EndProject
Project("{FAE04EC0-301F-11D3-BF4B-00C04F79EFBC}") = "ParentChildManagementCodeFirstProject.Tests", "ParentChildManagementCodeFirstProject.Tests\ParentChildManagementCodeFirstProject.Tests.csproj", "{CF389A6A-EC21-45BB-9754-067C477DEB3F}"
EndProject
Project("{FAE04EC0-301F-11D3-BF4B-00C04F79EFBC}") = "CSharpConceptsExamples", "CSharpConceptsExamples\CSharpConceptsExamples.csproj", "{8D78BD53-7697-49D2-A823-8B957A83FCA2}"
EndProject
Project("{FAE04EC0-301F-11D3-BF4B-00C04F79EFBC}") = "myWebAPI", "myWebAPI\myWebAPI.csproj", "{8A03C68B-F370-4846-B28D-CAADE05C47DB}"
EndProject
Project("{FAE04EC0-301F-11D3-BF4B-00C04F79EFBC}") = "Resources", "Resources\Resources.csproj", "{251223E9-7F41-4F74-A853-CAC5C65FE675}"
EndProject
Global
	GlobalSection(SolutionConfigurationPlatforms) = preSolution
		Debug|Any CPU = Debug|Any CPU
		Release|Any CPU = Release|Any CPU
	EndGlobalSection
	GlobalSection(ProjectConfigurationPlatforms) = postSolution
		{3786A894-6F54-4F38-8BC0-0C0C6F369DA5}.Debug|Any CPU.ActiveCfg = Debug|Any CPU
		{3786A894-6F54-4F38-8BC0-0C0C6F369DA5}.Debug|Any CPU.Build.0 = Debug|Any CPU
		{3786A894-6F54-4F38-8BC0-0C0C6F369DA5}.Release|Any CPU.ActiveCfg = Release|Any CPU
		{3786A894-6F54-4F38-8BC0-0C0C6F369DA5}.Release|Any CPU.Build.0 = Release|Any CPU
		{CF389A6A-EC21-45BB-9754-067C477DEB3F}.Debug|Any CPU.ActiveCfg = Debug|Any CPU
		{CF389A6A-EC21-45BB-9754-067C477DEB3F}.Debug|Any CPU.Build.0 = Debug|Any CPU
		{CF389A6A-EC21-45BB-9754-067C477DEB3F}.Release|Any CPU.ActiveCfg = Release|Any CPU
		{CF389A6A-EC21-45BB-9754-067C477DEB3F}.Release|Any CPU.Build.0 = Release|Any CPU
		{8D78BD53-7697-49D2-A823-8B957A83FCA2}.Debug|Any CPU.ActiveCfg = Debug|Any CPU
		{8D78BD53-7697-49D2-A823-8B957A83FCA2}.Debug|Any CPU.Build.0 = Debug|Any CPU
		{8D78BD53-7697-49D2-A823-8B957A83FCA2}.Release|Any CPU.ActiveCfg = Release|Any CPU
		{8D78BD53-7697-49D2-A823-8B957A83FCA2}.Release|Any CPU.Build.0 = Release|Any CPU
		{8A03C68B-F370-4846-B28D-CAADE05C47DB}.Debug|Any CPU.ActiveCfg = Debug|Any CPU
		{8A03C68B-F370-4846-B28D-CAADE05C47DB}.Debug|Any CPU.Build.0 = Debug|Any CPU
		{8A03C68B-F370-4846-B28D-CAADE05C47DB}.Release|Any CPU.ActiveCfg = Release|Any CPU
		{8A03C68B-F370-4846-B28D-CAADE05C47DB}.Release|Any CPU.Build.0 = Release|Any CPU
		{251223E9-7F41-4F74-A853-CAC5C65FE675}.Debug|Any CPU.ActiveCfg = Debug|Any CPU
		{251223E9-7F41-4F74-A853-CAC5C65FE675}.Debug|Any CPU.Build.0 = Debug|Any CPU
		{251223E9-7F41-4F74-A853-CAC5C65FE675}.Release|Any CPU.ActiveCfg = Release|Any CPU
		{251223E9-7F41-4F74-A853-CAC5C65FE675}.Release|Any CPU.Build.0 = Release|Any CPU
	EndGlobalSection
	GlobalSection(SolutionProperties) = preSolution
		HideSolutionNode = FALSE
	EndGlobalSection
EndGlobal
